// !$*UTF8*$!
{
	archiveVersion = 1;
	classes = {
	};
	objectVersion = 46;
	objects = {

/* Begin PBXBuildFile section */
		AA04A9C015D591500074D5D2 /* UIKit.framework in Frameworks */ = {isa = PBXBuildFile; fileRef = AA04A9BF15D591500074D5D2 /* UIKit.framework */; };
		AA04A9C215D591500074D5D2 /* Foundation.framework in Frameworks */ = {isa = PBXBuildFile; fileRef = AA04A9C115D591500074D5D2 /* Foundation.framework */; };
		AA04A9C415D591500074D5D2 /* CoreGraphics.framework in Frameworks */ = {isa = PBXBuildFile; fileRef = AA04A9C315D591500074D5D2 /* CoreGraphics.framework */; };
		AA04A9CA15D591500074D5D2 /* InfoPlist.strings in Resources */ = {isa = PBXBuildFile; fileRef = AA04A9C815D591500074D5D2 /* InfoPlist.strings */; };
		AA04A9CC15D591500074D5D2 /* main.m in Sources */ = {isa = PBXBuildFile; fileRef = AA04A9CB15D591500074D5D2 /* main.m */; };
		AA04A9D015D591500074D5D2 /* HappinessAppDelegate.m in Sources */ = {isa = PBXBuildFile; fileRef = AA04A9CF15D591500074D5D2 /* HappinessAppDelegate.m */; };
		AA04A9D315D591500074D5D2 /* MainStoryboard.storyboard in Resources */ = {isa = PBXBuildFile; fileRef = AA04A9D115D591500074D5D2 /* MainStoryboard.storyboard */; };
		AA04A9D615D591500074D5D2 /* HappinessViewController.m in Sources */ = {isa = PBXBuildFile; fileRef = AA04A9D515D591500074D5D2 /* HappinessViewController.m */; };
/* End PBXBuildFile section */

/* Begin PBXFileReference section */
		AA04A9BB15D591500074D5D2 /* Happiness.app */ = {isa = PBXFileReference; explicitFileType = wrapper.application; includeInIndex = 0; path = Happiness.app; sourceTree = BUILT_PRODUCTS_DIR; };
		AA04A9BF15D591500074D5D2 /* UIKit.framework */ = {isa = PBXFileReference; lastKnownFileType = wrapper.framework; name = UIKit.framework; path = System/Library/Frameworks/UIKit.framework; sourceTree = SDKROOT; };
		AA04A9C115D591500074D5D2 /* Foundation.framework */ = {isa = PBXFileReference; lastKnownFileType = wrapper.framework; name = Foundation.framework; path = System/Library/Frameworks/Foundation.framework; sourceTree = SDKROOT; };
		AA04A9C315D591500074D5D2 /* CoreGraphics.framework */ = {isa = PBXFileReference; lastKnownFileType = wrapper.framework; name = CoreGraphics.framework; path = System/Library/Frameworks/CoreGraphics.framework; sourceTree = SDKROOT; };
		AA04A9C715D591500074D5D2 /* Happiness-Info.plist */ = {isa = PBXFileReference; lastKnownFileType = text.plist.xml; path = "Happiness-Info.plist"; sourceTree = "<group>"; };
		AA04A9C915D591500074D5D2 /* en */ = {isa = PBXFileReference; lastKnownFileType = text.plist.strings; name = en; path = en.lproj/InfoPlist.strings; sourceTree = "<group>"; };
		AA04A9CB15D591500074D5D2 /* main.m */ = {isa = PBXFileReference; lastKnownFileType = sourcecode.c.objc; path = main.m; sourceTree = "<group>"; };
		AA04A9CD15D591500074D5D2 /* Happiness-Prefix.pch */ = {isa = PBXFileReference; lastKnownFileType = sourcecode.c.h; path = "Happiness-Prefix.pch"; sourceTree = "<group>"; };
		AA04A9CE15D591500074D5D2 /* HappinessAppDelegate.h */ = {isa = PBXFileReference; lastKnownFileType = sourcecode.c.h; path = HappinessAppDelegate.h; sourceTree = "<group>"; };
		AA04A9CF15D591500074D5D2 /* HappinessAppDelegate.m */ = {isa = PBXFileReference; lastKnownFileType = sourcecode.c.objc; path = HappinessAppDelegate.m; sourceTree = "<group>"; };
		AA04A9D215D591500074D5D2 /* en */ = {isa = PBXFileReference; lastKnownFileType = file.storyboard; name = en; path = en.lproj/MainStoryboard.storyboard; sourceTree = "<group>"; };
		AA04A9D415D591500074D5D2 /* HappinessViewController.h */ = {isa = PBXFileReference; lastKnownFileType = sourcecode.c.h; path = HappinessViewController.h; sourceTree = "<group>"; };
		AA04A9D515D591500074D5D2 /* HappinessViewController.m */ = {isa = PBXFileReference; lastKnownFileType = sourcecode.c.objc; path = HappinessViewController.m; sourceTree = "<group>"; };
/* End PBXFileReference section */

/* Begin PBXFrameworksBuildPhase section */
		AA04A9B815D591500074D5D2 /* Frameworks */ = {
			isa = PBXFrameworksBuildPhase;
			buildActionMask = 2147483647;
			files = (
				AA04A9C015D591500074D5D2 /* UIKit.framework in Frameworks */,
				AA04A9C215D591500074D5D2 /* Foundation.framework in Frameworks */,
				AA04A9C415D591500074D5D2 /* CoreGraphics.framework in Frameworks */,
			);
			runOnlyForDeploymentPostprocessing = 0;
		};
/* End PBXFrameworksBuildPhase section */

/* Begin PBXGroup section */
		AA04A9B015D5914F0074D5D2 = {
			isa = PBXGroup;
			children = (
				AA04A9C515D591500074D5D2 /* Happiness */,
				AA04A9BE15D591500074D5D2 /* Frameworks */,
				AA04A9BC15D591500074D5D2 /* Products */,
			);
			sourceTree = "<group>";
		};
		AA04A9BC15D591500074D5D2 /* Products */ = {
			isa = PBXGroup;
			children = (
				AA04A9BB15D591500074D5D2 /* Happiness.app */,
			);
			name = Products;
			sourceTree = "<group>";
		};
		AA04A9BE15D591500074D5D2 /* Frameworks */ = {
			isa = PBXGroup;
			children = (
				AA04A9BF15D591500074D5D2 /* UIKit.framework */,
				AA04A9C115D591500074D5D2 /* Foundation.framework */,
				AA04A9C315D591500074D5D2 /* CoreGraphics.framework */,
			);
			name = Frameworks;
			sourceTree = "<group>";
		};
		AA04A9C515D591500074D5D2 /* Happiness */ = {
			isa = PBXGroup;
			children = (
				AA04A9CE15D591500074D5D2 /* HappinessAppDelegate.h */,
				AA04A9CF15D591500074D5D2 /* HappinessAppDelegate.m */,
				AA04A9D115D591500074D5D2 /* MainStoryboard.storyboard */,
				AA04A9D415D591500074D5D2 /* HappinessViewController.h */,
				AA04A9D515D591500074D5D2 /* HappinessViewController.m */,
				AA04A9C615D591500074D5D2 /* Supporting Files */,
			);
			path = Happiness;
			sourceTree = "<group>";
		};
		AA04A9C615D591500074D5D2 /* Supporting Files */ = {
			isa = PBXGroup;
			children = (
				AA04A9C715D591500074D5D2 /* Happiness-Info.plist */,
				AA04A9C815D591500074D5D2 /* InfoPlist.strings */,
				AA04A9CB15D591500074D5D2 /* main.m */,
				AA04A9CD15D591500074D5D2 /* Happiness-Prefix.pch */,
			);
			name = "Supporting Files";
			sourceTree = "<group>";
		};
/* End PBXGroup section */

/* Begin PBXNativeTarget section */
		AA04A9BA15D591500074D5D2 /* Happiness */ = {
			isa = PBXNativeTarget;
			buildConfigurationList = AA04A9D915D591500074D5D2 /* Build configuration list for PBXNativeTarget "Happiness" */;
			buildPhases = (
				AA04A9B715D591500074D5D2 /* Sources */,
				AA04A9B815D591500074D5D2 /* Frameworks */,
				AA04A9B915D591500074D5D2 /* Resources */,
			);
			buildRules = (
			);
			dependencies = (
			);
			name = Happiness;
			productName = Happiness;
			productReference = AA04A9BB15D591500074D5D2 /* Happiness.app */;
			productType = "com.apple.product-type.application";
		};
/* End PBXNativeTarget section */

/* Begin PBXProject section */
		AA04A9B215D5914F0074D5D2 /* Project object */ = {
			isa = PBXProject;
			attributes = {
				LastUpgradeCheck = 0420;
			};
			buildConfigurationList = AA04A9B515D5914F0074D5D2 /* Build configuration list for PBXProject "Happiness" */;
			compatibilityVersion = "Xcode 3.2";
			developmentRegion = English;
			hasScannedForEncodings = 0;
			knownRegions = (
				en,
			);
			mainGroup = AA04A9B015D5914F0074D5D2;
			productRefGroup = AA04A9BC15D591500074D5D2 /* Products */;
			projectDirPath = "";
			projectRoot = "";
			targets = (
				AA04A9BA15D591500074D5D2 /* Happiness */,
			);
		};
/* End PBXProject section */

/* Begin PBXResourcesBuildPhase section */
		AA04A9B915D591500074D5D2 /* Resources */ = {
			isa = PBXResourcesBuildPhase;
			buildActionMask = 2147483647;
			files = (
				AA04A9CA15D591500074D5D2 /* InfoPlist.strings in Resources */,
				AA04A9D315D591500074D5D2 /* MainStoryboard.storyboard in Resources */,
			);
			runOnlyForDeploymentPostprocessing = 0;
		};
/* End PBXResourcesBuildPhase section */

/* Begin PBXSourcesBuildPhase section */
		AA04A9B715D591500074D5D2 /* Sources */ = {
			isa = PBXSourcesBuildPhase;
			buildActionMask = 2147483647;
			files = (
				AA04A9CC15D591500074D5D2 /* main.m in Sources */,
				AA04A9D015D591500074D5D2 /* HappinessAppDelegate.m in Sources */,
				AA04A9D615D591500074D5D2 /* HappinessViewController.m in Sources */,
			);
			runOnlyForDeploymentPostprocessing = 0;
		};
/* End PBXSourcesBuildPhase section */

/* Begin PBXVariantGroup section */
		AA04A9C815D591500074D5D2 /* InfoPlist.strings */ = {
			isa = PBXVariantGroup;
			children = (
				AA04A9C915D591500074D5D2 /* en */,
			);
			name = InfoPlist.strings;
			sourceTree = "<group>";
		};
		AA04A9D115D591500074D5D2 /* MainStoryboard.storyboard */ = {
			isa = PBXVariantGroup;
			children = (
				AA04A9D215D591500074D5D2 /* en */,
			);
			name = MainStoryboard.storyboard;
			sourceTree = "<group>";
		};
/* End PBXVariantGroup section */

/* Begin XCBuildConfiguration section */
		AA04A9D715D591500074D5D2 /* Debug */ = {
			isa = XCBuildConfiguration;
			buildSettings = {
				ALWAYS_SEARCH_USER_PATHS = NO;
				ARCHS = "$(ARCHS_STANDARD_32_BIT)";
				CLANG_ENABLE_OBJC_ARC = YES;
				"CODE_SIGN_IDENTITY[sdk=iphoneos*]" = "iPhone Developer";
				COPY_PHASE_STRIP = NO;
				GCC_C_LANGUAGE_STANDARD = gnu99;
				GCC_DYNAMIC_NO_PIC = NO;
				GCC_OPTIMIZATION_LEVEL = 0;
				GCC_PREPROCESSOR_DEFINITIONS = (
					"DEBUG=1",
					"$(inherited)",
				);
				GCC_SYMBOLS_PRIVATE_EXTERN = NO;
				GCC_VERSION = com.apple.compilers.llvm.clang.1_0;
				GCC_WARN_ABOUT_MISSING_PROTOTYPES = YES;
				GCC_WARN_ABOUT_RETURN_TYPE = YES;
				GCC_WARN_UNUSED_VARIABLE = YES;
				IPHONEOS_DEPLOYMENT_TARGET = 5.0;
				SDKROOT = iphoneos;
			};
			name = Debug;
		};
		AA04A9D815D591500074D5D2 /* Release */ = {
			isa = XCBuildConfiguration;
			buildSettings = {
				ALWAYS_SEARCH_USER_PATHS = NO;
				ARCHS = "$(ARCHS_STANDARD_32_BIT)";
				CLANG_ENABLE_OBJC_ARC = YES;
				"CODE_SIGN_IDENTITY[sdk=iphoneos*]" = "iPhone Developer";
				COPY_PHASE_STRIP = YES;
				GCC_C_LANGUAGE_STANDARD = gnu99;
				GCC_VERSION = com.apple.compilers.llvm.clang.1_0;
				GCC_WARN_ABOUT_MISSING_PROTOTYPES = YES;
				GCC_WARN_ABOUT_RETURN_TYPE = YES;
				GCC_WARN_UNUSED_VARIABLE = YES;
				IPHONEOS_DEPLOYMENT_TARGET = 5.0;
				OTHER_CFLAGS = "-DNS_BLOCK_ASSERTIONS=1";
				SDKROOT = iphoneos;
				VALIDATE_PRODUCT = YES;
			};
			name = Release;
		};
		AA04A9DA15D591500074D5D2 /* Debug */ = {
			isa = XCBuildConfiguration;
			buildSettings = {
				GCC_PRECOMPILE_PREFIX_HEADER = YES;
				GCC_PREFIX_HEADER = "Happiness/Happiness-Prefix.pch";
				INFOPLIST_FILE = "Happiness/Happiness-Info.plist";
				PRODUCT_NAME = "$(TARGET_NAME)";
				WRAPPER_EXTENSION = app;
			};
			name = Debug;
		};
		AA04A9DB15D591500074D5D2 /* Release */ = {
			isa = XCBuildConfiguration;
			buildSettings = {
				GCC_PRECOMPILE_PREFIX_HEADER = YES;
				GCC_PREFIX_HEADER = "Happiness/Happiness-Prefix.pch";
				INFOPLIST_FILE = "Happiness/Happiness-Info.plist";
				PRODUCT_NAME = "$(TARGET_NAME)";
				WRAPPER_EXTENSION = app;
			};
			name = Release;
		};
/* End XCBuildConfiguration section */

/* Begin XCConfigurationList section */
		AA04A9B515D5914F0074D5D2 /* Build configuration list for PBXProject "Happiness" */ = {
			isa = XCConfigurationList;
			buildConfigurations = (
				AA04A9D715D591500074D5D2 /* Debug */,
				AA04A9D815D591500074D5D2 /* Release */,
			);
			defaultConfigurationIsVisible = 0;
			defaultConfigurationName = Release;
		};
		AA04A9D915D591500074D5D2 /* Build configuration list for PBXNativeTarget "Happiness" */ = {
			isa = XCConfigurationList;
			buildConfigurations = (
				AA04A9DA15D591500074D5D2 /* Debug */,
				AA04A9DB15D591500074D5D2 /* Release */,
			);
			defaultConfigurationIsVisible = 0;
		};
/* End XCConfigurationList section */
	};
	rootObject = AA04A9B215D5914F0074D5D2 /* Project object */;
}
